{
  "name": "ex-5",
  "lockfileVersion": 3,
  "requires": true,
  "packages": {
    "": {
      "dependencies": {
        "mathmode": "github:NareshUmmadi/Bootcamp-module"
      }
    },
    "node_modules/mathmode": {
      "version": "1.0.0",
      "resolved": "git+ssh://git@github.com/NareshUmmadi/Bootcamp-module.git#edc7af3bcb8c860bf0bf3910f8bdef87447a1173",
      "license": "ISC"
    }
  }
}
